
Microsoft Visual Studio Solution File, Format Version 12.00
# Visual Studio Version 17
VisualStudioVersion = 17.14.36121.58
MinimumVisualStudioVersion = 10.0.40219.1
Project("{FAE04EC0-301F-11D3-BF4B-00C04F79EFBC}") = "Actividad Practica 1", "Actividad Practica 1\Actividad Practica 1.csproj", "{7CD905F4-897E-4BD7-9FD2-25686025A412}"
EndProject
Project("{FAE04EC0-301F-11D3-BF4B-00C04F79EFBC}") = "Ejercicio1U2", "Actividad Practica 1\Ejercicio1U2\Ejercicio1U2.csproj", "{DDBCFF85-D4F9-405E-96E5-F0F0C82B89A7}"
EndProject
Global
	GlobalSection(SolutionConfigurationPlatforms) = preSolution
		Debug|Any CPU = Debug|Any CPU
		Release|Any CPU = Release|Any CPU
	EndGlobalSection
	GlobalSection(ProjectConfigurationPlatforms) = postSolution
		{7CD905F4-897E-4BD7-9FD2-25686025A412}.Debug|Any CPU.ActiveCfg = Debug|Any CPU
		{7CD905F4-897E-4BD7-9FD2-25686025A412}.Debug|Any CPU.Build.0 = Debug|Any CPU
		{7CD905F4-897E-4BD7-9FD2-25686025A412}.Release|Any CPU.ActiveCfg = Release|Any CPU
		{7CD905F4-897E-4BD7-9FD2-25686025A412}.Release|Any CPU.Build.0 = Release|Any CPU
		{DDBCFF85-D4F9-405E-96E5-F0F0C82B89A7}.Debug|Any CPU.ActiveCfg = Debug|Any CPU
		{DDBCFF85-D4F9-405E-96E5-F0F0C82B89A7}.Debug|Any CPU.Build.0 = Debug|Any CPU
		{DDBCFF85-D4F9-405E-96E5-F0F0C82B89A7}.Release|Any CPU.ActiveCfg = Release|Any CPU
		{DDBCFF85-D4F9-405E-96E5-F0F0C82B89A7}.Release|Any CPU.Build.0 = Release|Any CPU
	EndGlobalSection
	GlobalSection(SolutionProperties) = preSolution
		HideSolutionNode = FALSE
	EndGlobalSection
	GlobalSection(ExtensibilityGlobals) = postSolution
		SolutionGuid = {B084C4B4-4175-41DF-AFD4-099F75AD2F38}
	EndGlobalSection
EndGlobal
